{
  "name": "@writetome51/get-fixed-float",
  "version": "2.0.1",
  "lockfileVersion": 2,
  "requires": true,
  "packages": {
    "": {
      "name": "@writetome51/get-fixed-float",
      "version": "2.0.1",
      "license": "MIT",
      "dependencies": {
        "@writetome51/get-float-padded-on-right-if-needed": ">=2.0.0",
        "@writetome51/get-rounded-to-precision": ">=3.0.0",
        "@writetome51/is-integer-is-float": ">=2.0.0",
        "error-if-not-integer-zero-or-greater": ">=2.0.0"
      }
    },
    "node_modules/@writetome51/get-float-padded-on-right-if-needed": {
      "version": "2.0.3",
      "resolved": "https://registry.npmjs.org/@writetome51/get-float-padded-on-right-if-needed/-/get-float-padded-on-right-if-needed-2.0.3.tgz",
      "integrity": "sha512-bje1aZPR2mlu4HAcSbeEMPMCf89ampunBpoF7DnEiCS1dGjKfkuiDxBJEMvlaOyh2XKriat+R0Cit3uXkAgPbA==",
      "dependencies": {
        "@writetome51/is-integer-is-float": ">=2.0.1",
        "@writetome51/to-str": ">=0.0.1",
        "error-if-not-integer-zero-or-greater": ">=2.0.0"
      }
    },
    "node_modules/@writetome51/get-left-of-decimal": {
      "version": "3.0.0",
      "resolved": "https://registry.npmjs.org/@writetome51/get-left-of-decimal/-/get-left-of-decimal-3.0.0.tgz",
      "integrity": "sha512-kC6GBiFaZyw8P3JWWFDG2DmsUij4Q2PiCN0DsEgIUHgFFIWUgfzLHntRaQchjgigxTwSE0JFiW9FO4GFX6dhBg=="
    },
    "node_modules/@writetome51/get-right-of-decimal": {
      "version": "2.0.2",
      "resolved": "https://registry.npmjs.org/@writetome51/get-right-of-decimal/-/get-right-of-decimal-2.0.2.tgz",
      "integrity": "sha512-mUHHmvTakWmmBDNlTy/bAlyXsdmeNpodbBdS/kHW6GFlfrMo0DNzuIqbtwegG2pvtALAhYSwLr3rDlwmeIV97Q==",
      "dependencies": {
        "@writetome51/to-str": ">=0.0.1",
        "error-if-not-float": ">=2.0.0"
      }
    },
    "node_modules/@writetome51/get-rounded-to-precision": {
      "version": "3.0.1",
      "resolved": "https://registry.npmjs.org/@writetome51/get-rounded-to-precision/-/get-rounded-to-precision-3.0.1.tgz",
      "integrity": "sha512-elpC76hgfe4XYjKzqZBPnrhBFQTW1P3DMe3UUBBInCpslSsro+jGEbFX1a7EVekJPhH3AmVWVlmv1hcS+iNiyw==",
      "dependencies": {
        "@writetome51/get-rounded-up-down": ">=3.0.1",
        "@writetome51/get-with-decimal-shifted": ">=3.0.0"
      }
    },
    "node_modules/@writetome51/get-rounded-up-down": {
      "version": "3.0.1",
      "resolved": "https://registry.npmjs.org/@writetome51/get-rounded-up-down/-/get-rounded-up-down-3.0.1.tgz",
      "integrity": "sha512-3dVuL56RXJTEkHfbfHti+pulL/yL5OC1gDjcNJzzy5KjwSIqaS/TIj1kG8g9Zj2mPZV3oGZEpkxSdwZn0ThMiA==",
      "dependencies": {
        "@writetome51/get-left-of-decimal": ">=3.0.0",
        "@writetome51/get-right-of-decimal": ">=2.0.2",
        "@writetome51/is-integer-is-float": ">=2.0.1",
        "@writetome51/is-odd-is-even": ">=2.0.0",
        "error-if-not-finite-number": ">=2.0.1"
      }
    },
    "node_modules/@writetome51/get-with-decimal-shifted": {
      "version": "3.0.0",
      "resolved": "https://registry.npmjs.org/@writetome51/get-with-decimal-shifted/-/get-with-decimal-shifted-3.0.0.tgz",
      "integrity": "sha512-zIH3DEcaoMb9JhQs75hifgiE94TX5uG2SapDPd/eQPFJ8IaAQCVPRBcOgoWU4r5JVDSmr4x+ykqWINtRsQgsfw==",
      "dependencies": {
        "error-if-not-finite-number": "^2.0.0",
        "error-if-not-integer": "^2.0.0"
      }
    },
    "node_modules/@writetome51/is-integer-is-float": {
      "version": "2.0.1",
      "resolved": "https://registry.npmjs.org/@writetome51/is-integer-is-float/-/is-integer-is-float-2.0.1.tgz",
      "integrity": "sha512-RfO1UDw/ROcwpx0pjGpWfRUOL+9UFz2nV+WSilWzznSZsKJzN7xPlLSH0JiTdhlUNG74CSg2pxpshFMpaEogxg=="
    },
    "node_modules/@writetome51/is-odd-is-even": {
      "version": "2.0.0",
      "resolved": "https://registry.npmjs.org/@writetome51/is-odd-is-even/-/is-odd-is-even-2.0.0.tgz",
      "integrity": "sha512-IPTTiVVdPsgzgB0WqaPLbtf5X/uyfegy6tu8maRRPWobC2IYxbRfzJ9mlXlCCrc/1Wka6ZkaV7zJRG7NJ7P4fw==",
      "dependencies": {
        "error-if-not-integer": "^2.0.0"
      }
    },
    "node_modules/@writetome51/not": {
      "version": "2.0.1",
      "resolved": "https://registry.npmjs.org/@writetome51/not/-/not-2.0.1.tgz",
      "integrity": "sha512-P8yMPs3LWMLZ+KN5ixNUuOHvT5RiIUqbPKD46tU3EvOSfpTk1jomFko8/pBhZq9ZwArT7Ff4IG0UgtiBopQjIQ=="
    },
    "node_modules/@writetome51/to-str": {
      "version": "0.0.1",
      "resolved": "https://registry.npmjs.org/@writetome51/to-str/-/to-str-0.0.1.tgz",
      "integrity": "sha512-DtS7pjaf2moRZSrdI4TCLRMVguQ75Djm3jEgv/SjzIycbdYdKYVHQE6iIQX/fF2JJ10FJ48G4w42vgNd9W5xTQ=="
    },
    "node_modules/error-if-not-finite-number": {
      "version": "2.0.1",
      "resolved": "https://registry.npmjs.org/error-if-not-finite-number/-/error-if-not-finite-number-2.0.1.tgz",
      "integrity": "sha512-lJCeBRfsEfAaPfrpt6+apvV0IoyOyLwH7x7t/62KTwTCw2BPHcCUvSN83WFD3/nfs4lKJE8gtPxTFMYRGqX4gg==",
      "dependencies": {
        "@writetome51/not": ">=2.0.0"
      }
    },
    "node_modules/error-if-not-float": {
      "version": "2.0.0",
      "resolved": "https://registry.npmjs.org/error-if-not-float/-/error-if-not-float-2.0.0.tgz",
      "integrity": "sha512-Cbis3CVS0tA3aEm1uTBQl93Sv08yeAqOofEu+SFF9Uu7/Hgn505LM5qpi6QJfQtYLTcmN4DoUCNQBda1uQJwXg==",
      "dependencies": {
        "@writetome51/is-integer-is-float": "^2.0.0",
        "error-if-not-finite-number": "^2.0.0"
      }
    },
    "node_modules/error-if-not-integer": {
      "version": "2.0.1",
      "resolved": "https://registry.npmjs.org/error-if-not-integer/-/error-if-not-integer-2.0.1.tgz",
      "integrity": "sha512-ALEtf7K9/u/KB9c92fdFDba3kke7Z6sJ0IxN5DobI19PYyLRFwgcAUG0QDmjtgTwE9X9ZmV9YaiW8RsbrNr+bA==",
      "dependencies": {
        "@writetome51/is-integer-is-float": "^2.0.1"
      }
    },
    "node_modules/error-if-not-integer-zero-or-greater": {
      "version": "2.0.0",
      "resolved": "https://registry.npmjs.org/error-if-not-integer-zero-or-greater/-/error-if-not-integer-zero-or-greater-2.0.0.tgz",
      "integrity": "sha512-xWxRI6EsaSCSC9WYVyQEUw3W23pvJ6gFh2vRi4L25csGOsKw7sW3FtK3FQNN2QhKmzQaZqJVbfhpLbTvSoG4GQ==",
      "dependencies": {
        "error-if-not-integer": "^2.0.0"
      }
    }
  },
  "dependencies": {
    "@writetome51/get-float-padded-on-right-if-needed": {
      "version": "2.0.3",
      "resolved": "https://registry.npmjs.org/@writetome51/get-float-padded-on-right-if-needed/-/get-float-padded-on-right-if-needed-2.0.3.tgz",
      "integrity": "sha512-bje1aZPR2mlu4HAcSbeEMPMCf89ampunBpoF7DnEiCS1dGjKfkuiDxBJEMvlaOyh2XKriat+R0Cit3uXkAgPbA==",
      "requires": {
        "@writetome51/is-integer-is-float": ">=2.0.1",
        "@writetome51/to-str": ">=0.0.1",
        "error-if-not-integer-zero-or-greater": ">=2.0.0"
      }
    },
    "@writetome51/get-left-of-decimal": {
      "version": "3.0.0",
      "resolved": "https://registry.npmjs.org/@writetome51/get-left-of-decimal/-/get-left-of-decimal-3.0.0.tgz",
      "integrity": "sha512-kC6GBiFaZyw8P3JWWFDG2DmsUij4Q2PiCN0DsEgIUHgFFIWUgfzLHntRaQchjgigxTwSE0JFiW9FO4GFX6dhBg=="
    },
    "@writetome51/get-right-of-decimal": {
      "version": "2.0.2",
      "resolved": "https://registry.npmjs.org/@writetome51/get-right-of-decimal/-/get-right-of-decimal-2.0.2.tgz",
      "integrity": "sha512-mUHHmvTakWmmBDNlTy/bAlyXsdmeNpodbBdS/kHW6GFlfrMo0DNzuIqbtwegG2pvtALAhYSwLr3rDlwmeIV97Q==",
      "requires": {
        "@writetome51/to-str": ">=0.0.1",
        "error-if-not-float": ">=2.0.0"
      }
    },
    "@writetome51/get-rounded-to-precision": {
      "version": "3.0.1",
      "resolved": "https://registry.npmjs.org/@writetome51/get-rounded-to-precision/-/get-rounded-to-precision-3.0.1.tgz",
      "integrity": "sha512-elpC76hgfe4XYjKzqZBPnrhBFQTW1P3DMe3UUBBInCpslSsro+jGEbFX1a7EVekJPhH3AmVWVlmv1hcS+iNiyw==",
      "requires": {
        "@writetome51/get-rounded-up-down": ">=3.0.1",
        "@writetome51/get-with-decimal-shifted": ">=3.0.0"
      }
    },
    "@writetome51/get-rounded-up-down": {
      "version": "3.0.1",
      "resolved": "https://registry.npmjs.org/@writetome51/get-rounded-up-down/-/get-rounded-up-down-3.0.1.tgz",
      "integrity": "sha512-3dVuL56RXJTEkHfbfHti+pulL/yL5OC1gDjcNJzzy5KjwSIqaS/TIj1kG8g9Zj2mPZV3oGZEpkxSdwZn0ThMiA==",
      "requires": {
        "@writetome51/get-left-of-decimal": ">=3.0.0",
        "@writetome51/get-right-of-decimal": ">=2.0.2",
        "@writetome51/is-integer-is-float": ">=2.0.1",
        "@writetome51/is-odd-is-even": ">=2.0.0",
        "error-if-not-finite-number": ">=2.0.1"
      }
    },
    "@writetome51/get-with-decimal-shifted": {
      "version": "3.0.0",
      "resolved": "https://registry.npmjs.org/@writetome51/get-with-decimal-shifted/-/get-with-decimal-shifted-3.0.0.tgz",
      "integrity": "sha512-zIH3DEcaoMb9JhQs75hifgiE94TX5uG2SapDPd/eQPFJ8IaAQCVPRBcOgoWU4r5JVDSmr4x+ykqWINtRsQgsfw==",
      "requires": {
        "error-if-not-finite-number": "^2.0.0",
        "error-if-not-integer": "^2.0.0"
      }
    },
    "@writetome51/is-integer-is-float": {
      "version": "2.0.1",
      "resolved": "https://registry.npmjs.org/@writetome51/is-integer-is-float/-/is-integer-is-float-2.0.1.tgz",
      "integrity": "sha512-RfO1UDw/ROcwpx0pjGpWfRUOL+9UFz2nV+WSilWzznSZsKJzN7xPlLSH0JiTdhlUNG74CSg2pxpshFMpaEogxg=="
    },
    "@writetome51/is-odd-is-even": {
      "version": "2.0.0",
      "resolved": "https://registry.npmjs.org/@writetome51/is-odd-is-even/-/is-odd-is-even-2.0.0.tgz",
      "integrity": "sha512-IPTTiVVdPsgzgB0WqaPLbtf5X/uyfegy6tu8maRRPWobC2IYxbRfzJ9mlXlCCrc/1Wka6ZkaV7zJRG7NJ7P4fw==",
      "requires": {
        "error-if-not-integer": "^2.0.0"
      }
    },
    "@writetome51/not": {
      "version": "2.0.1",
      "resolved": "https://registry.npmjs.org/@writetome51/not/-/not-2.0.1.tgz",
      "integrity": "sha512-P8yMPs3LWMLZ+KN5ixNUuOHvT5RiIUqbPKD46tU3EvOSfpTk1jomFko8/pBhZq9ZwArT7Ff4IG0UgtiBopQjIQ=="
    },
    "@writetome51/to-str": {
      "version": "0.0.1",
      "resolved": "https://registry.npmjs.org/@writetome51/to-str/-/to-str-0.0.1.tgz",
      "integrity": "sha512-DtS7pjaf2moRZSrdI4TCLRMVguQ75Djm3jEgv/SjzIycbdYdKYVHQE6iIQX/fF2JJ10FJ48G4w42vgNd9W5xTQ=="
    },
    "error-if-not-finite-number": {
      "version": "2.0.1",
      "resolved": "https://registry.npmjs.org/error-if-not-finite-number/-/error-if-not-finite-number-2.0.1.tgz",
      "integrity": "sha512-lJCeBRfsEfAaPfrpt6+apvV0IoyOyLwH7x7t/62KTwTCw2BPHcCUvSN83WFD3/nfs4lKJE8gtPxTFMYRGqX4gg==",
      "requires": {
        "@writetome51/not": ">=2.0.0"
      }
    },
    "error-if-not-float": {
      "version": "2.0.0",
      "resolved": "https://registry.npmjs.org/error-if-not-float/-/error-if-not-float-2.0.0.tgz",
      "integrity": "sha512-Cbis3CVS0tA3aEm1uTBQl93Sv08yeAqOofEu+SFF9Uu7/Hgn505LM5qpi6QJfQtYLTcmN4DoUCNQBda1uQJwXg==",
      "requires": {
        "@writetome51/is-integer-is-float": "^2.0.0",
        "error-if-not-finite-number": "^2.0.0"
      }
    },
    "error-if-not-integer": {
      "version": "2.0.1",
      "resolved": "https://registry.npmjs.org/error-if-not-integer/-/error-if-not-integer-2.0.1.tgz",
      "integrity": "sha512-ALEtf7K9/u/KB9c92fdFDba3kke7Z6sJ0IxN5DobI19PYyLRFwgcAUG0QDmjtgTwE9X9ZmV9YaiW8RsbrNr+bA==",
      "requires": {
        "@writetome51/is-integer-is-float": "^2.0.1"
      }
    },
    "error-if-not-integer-zero-or-greater": {
      "version": "2.0.0",
      "resolved": "https://registry.npmjs.org/error-if-not-integer-zero-or-greater/-/error-if-not-integer-zero-or-greater-2.0.0.tgz",
      "integrity": "sha512-xWxRI6EsaSCSC9WYVyQEUw3W23pvJ6gFh2vRi4L25csGOsKw7sW3FtK3FQNN2QhKmzQaZqJVbfhpLbTvSoG4GQ==",
      "requires": {
        "error-if-not-integer": "^2.0.0"
      }
    }
  }
}
